
Microsoft Visual Studio Solution File, Format Version 12.00
# Visual Studio 14
VisualStudioVersion = 14.0.24720.0
MinimumVisualStudioVersion = 10.0.40219.1
Project("{FAE04EC0-301F-11D3-BF4B-00C04F79EFBC}") = "MooSharp", "MooSharp\MooSharp.csproj", "{E0FAF53F-CAB0-44A9-A502-00CD1A20F40C}"
EndProject
Project("{FAE04EC0-301F-11D3-BF4B-00C04F79EFBC}") = "MooSharp.Tests", "MooSharp.Tests\MooSharp.Tests.csproj", "{38120AF2-0936-443F-9472-533B12816049}"
EndProject
Global
	GlobalSection(SolutionConfigurationPlatforms) = preSolution
		Debug|Any CPU = Debug|Any CPU
		Release|Any CPU = Release|Any CPU
	EndGlobalSection
	GlobalSection(ProjectConfigurationPlatforms) = postSolution
		{E0FAF53F-CAB0-44A9-A502-00CD1A20F40C}.Debug|Any CPU.ActiveCfg = Debug|Any CPU
		{E0FAF53F-CAB0-44A9-A502-00CD1A20F40C}.Debug|Any CPU.Build.0 = Debug|Any CPU
		{E0FAF53F-CAB0-44A9-A502-00CD1A20F40C}.Release|Any CPU.ActiveCfg = Release|Any CPU
		{E0FAF53F-CAB0-44A9-A502-00CD1A20F40C}.Release|Any CPU.Build.0 = Release|Any CPU
		{38120AF2-0936-443F-9472-533B12816049}.Debug|Any CPU.ActiveCfg = Debug|Any CPU
		{38120AF2-0936-443F-9472-533B12816049}.Debug|Any CPU.Build.0 = Debug|Any CPU
		{38120AF2-0936-443F-9472-533B12816049}.Release|Any CPU.ActiveCfg = Release|Any CPU
		{38120AF2-0936-443F-9472-533B12816049}.Release|Any CPU.Build.0 = Release|Any CPU
	EndGlobalSection
	GlobalSection(SolutionProperties) = preSolution
		HideSolutionNode = FALSE
	EndGlobalSection
EndGlobal
